
Microsoft Visual Studio Solution File, Format Version 12.00
# Visual Studio Version 17
VisualStudioVersion = 17.13.36105.23
MinimumVisualStudioVersion = 10.0.40219.1
Project("{FAE04EC0-301F-11D3-BF4B-00C04F79EFBC}") = "SingleResponsibility", "SingleResponsibility\SingleResponsibility.csproj", "{6BBA8107-14C8-44B6-8417-89AF41C9F78F}"
EndProject
Project("{FAE04EC0-301F-11D3-BF4B-00C04F79EFBC}") = "OpenClosedPrinciple", "OpenClosedPrinciple\OpenClosedPrinciple.csproj", "{1230BD05-4166-4D78-BE43-8DC4D3CC5C4F}"
EndProject
Global
	GlobalSection(SolutionConfigurationPlatforms) = preSolution
		Debug|Any CPU = Debug|Any CPU
		Release|Any CPU = Release|Any CPU
	EndGlobalSection
	GlobalSection(ProjectConfigurationPlatforms) = postSolution
		{6BBA8107-14C8-44B6-8417-89AF41C9F78F}.Debug|Any CPU.ActiveCfg = Debug|Any CPU
		{6BBA8107-14C8-44B6-8417-89AF41C9F78F}.Debug|Any CPU.Build.0 = Debug|Any CPU
		{6BBA8107-14C8-44B6-8417-89AF41C9F78F}.Release|Any CPU.ActiveCfg = Release|Any CPU
		{6BBA8107-14C8-44B6-8417-89AF41C9F78F}.Release|Any CPU.Build.0 = Release|Any CPU
		{1230BD05-4166-4D78-BE43-8DC4D3CC5C4F}.Debug|Any CPU.ActiveCfg = Debug|Any CPU
		{1230BD05-4166-4D78-BE43-8DC4D3CC5C4F}.Debug|Any CPU.Build.0 = Debug|Any CPU
		{1230BD05-4166-4D78-BE43-8DC4D3CC5C4F}.Release|Any CPU.ActiveCfg = Release|Any CPU
		{1230BD05-4166-4D78-BE43-8DC4D3CC5C4F}.Release|Any CPU.Build.0 = Release|Any CPU
	EndGlobalSection
	GlobalSection(SolutionProperties) = preSolution
		HideSolutionNode = FALSE
	EndGlobalSection
	GlobalSection(ExtensibilityGlobals) = postSolution
		SolutionGuid = {6DBE86A5-17B7-401F-BE9D-7702609956B7}
	EndGlobalSection
EndGlobal
